version = 1
revision = 3
requires-python = "==3.12.*"

[[package]]
name = "debugpy"
version = "1.8.17"
source = { registry = "https://pypi.org/simple" }
sdist = { url = "https://files.pythonhosted.org/packages/15/ad/71e708ff4ca377c4230530d6a7aa7992592648c122a2cd2b321cf8b35a76/debugpy-1.8.17.tar.gz", hash = "sha256:fd723b47a8c08892b1a16b2c6239a8b96637c62a59b94bb5dab4bac592a58a8e", size = 1644129, upload-time = "2025-09-17T16:33:20.633Z" }
wheels = [
    { url = "https://files.pythonhosted.org/packages/08/2b/9d8e65beb2751876c82e1aceb32f328c43ec872711fa80257c7674f45650/debugpy-1.8.17-cp312-cp312-macosx_15_0_universal2.whl", hash = "sha256:f14467edef672195c6f6b8e27ce5005313cb5d03c9239059bc7182b60c176e2d", size = 2549522, upload-time = "2025-09-17T16:33:38.466Z" },
    { url = "https://files.pythonhosted.org/packages/b4/78/eb0d77f02971c05fca0eb7465b18058ba84bd957062f5eec82f941ac792a/debugpy-1.8.17-cp312-cp312-manylinux_2_34_x86_64.whl", hash = "sha256:24693179ef9dfa20dca8605905a42b392be56d410c333af82f1c5dff807a64cc", size = 4309417, upload-time = "2025-09-17T16:33:41.299Z" },
    { url = "https://files.pythonhosted.org/packages/37/42/c40f1d8cc1fed1e75ea54298a382395b8b937d923fcf41ab0797a554f555/debugpy-1.8.17-cp312-cp312-win32.whl", hash = "sha256:6a4e9dacf2cbb60d2514ff7b04b4534b0139facbf2abdffe0639ddb6088e59cf", size = 5277130, upload-time = "2025-09-17T16:33:43.554Z" },
    { url = "https://files.pythonhosted.org/packages/72/22/84263b205baad32b81b36eac076de0cdbe09fe2d0637f5b32243dc7c925b/debugpy-1.8.17-cp312-cp312-win_amd64.whl", hash = "sha256:e8f8f61c518952fb15f74a302e068b48d9c4691768ade433e4adeea961993464", size = 5319053, upload-time = "2025-09-17T16:33:53.033Z" },
    { url = "https://files.pythonhosted.org/packages/b0/d0/89247ec250369fc76db477720a26b2fce7ba079ff1380e4ab4529d2fe233/debugpy-1.8.17-py2.py3-none-any.whl", hash = "sha256:60c7dca6571efe660ccb7a9508d73ca14b8796c4ed484c2002abba714226cfef", size = 5283210, upload-time = "2025-09-17T16:34:25.835Z" },
]

[[package]]
name = "fake-bpy-module-latest"
version = "20251003"
source = { registry = "https://pypi.org/simple" }
sdist = { url = "https://files.pythonhosted.org/packages/8e/9c/573a05ef91824597b779a2098a4a8515f71f2aaf56bcb32243a3358f5a6c/fake_bpy_module_latest-20251003.tar.gz", hash = "sha256:42bb38384e22342bc912f3bca9b4c5b849d7d7cd269b2e523a9dd7f4e90e9943", size = 973875, upload-time = "2025-10-03T06:19:52.618Z" }
wheels = [
    { url = "https://files.pythonhosted.org/packages/0a/9a/1b8172f0a9a4f8f4459bc1dbdbf0e6251c9db8e8fcc531645bae25cf7e81/fake_bpy_module_latest-20251003-py3-none-any.whl", hash = "sha256:80cc91d5a254cdf0e4c16258de18ffa34988f9102daa4b244e1fe3e8a2f6c246", size = 1103075, upload-time = "2025-10-03T06:19:49.751Z" },
]

[[package]]
name = "greenlet"
version = "3.3.0"
source = { registry = "https://pypi.org/simple" }
sdist = { url = "https://files.pythonhosted.org/packages/c7/e5/40dbda2736893e3e53d25838e0f19a2b417dfc122b9989c91918db30b5d3/greenlet-3.3.0.tar.gz", hash = "sha256:a82bb225a4e9e4d653dd2fb7b8b2d36e4fb25bc0165422a11e48b88e9e6f78fb", size = 190651, upload-time = "2025-12-04T14:49:44.05Z" }
wheels = [
    { url = "https://files.pythonhosted.org/packages/f8/0a/a3871375c7b9727edaeeea994bfff7c63ff7804c9829c19309ba2e058807/greenlet-3.3.0-cp312-cp312-macosx_11_0_universal2.whl", hash = "sha256:b01548f6e0b9e9784a2c99c5651e5dc89ffcbe870bc5fb2e5ef864e9cc6b5dcb", size = 276379, upload-time = "2025-12-04T14:23:30.498Z" },
    { url = "https://files.pythonhosted.org/packages/43/ab/7ebfe34dce8b87be0d11dae91acbf76f7b8246bf9d6b319c741f99fa59c6/greenlet-3.3.0-cp312-cp312-manylinux_2_24_aarch64.manylinux_2_28_aarch64.whl", hash = "sha256:349345b770dc88f81506c6861d22a6ccd422207829d2c854ae2af8025af303e3", size = 597294, upload-time = "2025-12-04T14:50:06.847Z" },
    { url = "https://files.pythonhosted.org/packages/a4/39/f1c8da50024feecd0793dbd5e08f526809b8ab5609224a2da40aad3a7641/greenlet-3.3.0-cp312-cp312-manylinux_2_24_ppc64le.manylinux_2_28_ppc64le.whl", hash = "sha256:e8e18ed6995e9e2c0b4ed264d2cf89260ab3ac7e13555b8032b25a74c6d18655", size = 607742, upload-time = "2025-12-04T14:57:42.349Z" },
    { url = "https://files.pythonhosted.org/packages/77/cb/43692bcd5f7a0da6ec0ec6d58ee7cddb606d055ce94a62ac9b1aa481e969/greenlet-3.3.0-cp312-cp312-manylinux_2_24_s390x.manylinux_2_28_s390x.whl", hash = "sha256:c024b1e5696626890038e34f76140ed1daf858e37496d33f2af57f06189e70d7", size = 622297, upload-time = "2025-12-04T15:07:13.552Z" },
    { url = "https://files.pythonhosted.org/packages/75/b0/6bde0b1011a60782108c01de5913c588cf51a839174538d266de15e4bf4d/greenlet-3.3.0-cp312-cp312-manylinux_2_24_x86_64.manylinux_2_28_x86_64.whl", hash = "sha256:047ab3df20ede6a57c35c14bf5200fcf04039d50f908270d3f9a7a82064f543b", size = 609885, upload-time = "2025-12-04T14:26:02.368Z" },
    { url = "https://files.pythonhosted.org/packages/49/0e/49b46ac39f931f59f987b7cd9f34bfec8ef81d2a1e6e00682f55be5de9f4/greenlet-3.3.0-cp312-cp312-musllinux_1_2_aarch64.whl", hash = "sha256:2d9ad37fc657b1102ec880e637cccf20191581f75c64087a549e66c57e1ceb53", size = 1567424, upload-time = "2025-12-04T15:04:23.757Z" },
    { url = "https://files.pythonhosted.org/packages/05/f5/49a9ac2dff7f10091935def9165c90236d8f175afb27cbed38fb1d61ab6b/greenlet-3.3.0-cp312-cp312-musllinux_1_2_x86_64.whl", hash = "sha256:83cd0e36932e0e7f36a64b732a6f60c2fc2df28c351bae79fbaf4f8092fe7614", size = 1636017, upload-time = "2025-12-04T14:27:29.688Z" },
    { url = "https://files.pythonhosted.org/packages/6c/79/3912a94cf27ec503e51ba493692d6db1e3cd8ac7ac52b0b47c8e33d7f4f9/greenlet-3.3.0-cp312-cp312-win_amd64.whl", hash = "sha256:a7a34b13d43a6b78abf828a6d0e87d3385680eaf830cd60d20d52f249faabf39", size = 301964, upload-time = "2025-12-04T14:36:58.316Z" },
]

[[package]]
name = "hatchling"
version = "1.28.0"
source = { registry = "https://pypi.org/simple" }
dependencies = [
    { name = "packaging" },
    { name = "pathspec" },
    { name = "pluggy" },
    { name = "trove-classifiers" },
]
sdist = { url = "https://files.pythonhosted.org/packages/0b/8e/e480359492affde4119a131da729dd26da742c2c9b604dff74836e47eef9/hatchling-1.28.0.tar.gz", hash = "sha256:4d50b02aece6892b8cd0b3ce6c82cb218594d3ec5836dbde75bf41a21ab004c8", size = 55365, upload-time = "2025-11-27T00:31:13.766Z" }
wheels = [
    { url = "https://files.pythonhosted.org/packages/0d/a5/48cb7efb8b4718b1a4c0c331e3364a3a33f614ff0d6afd2b93ee883d3c47/hatchling-1.28.0-py3-none-any.whl", hash = "sha256:dc48722b68b3f4bbfa3ff618ca07cdea6750e7d03481289ffa8be1521d18a961", size = 76075, upload-time = "2025-11-27T00:31:12.544Z" },
]

[[package]]
name = "msgpack"
version = "1.1.2"
source = { registry = "https://pypi.org/simple" }
sdist = { url = "https://files.pythonhosted.org/packages/4d/f2/bfb55a6236ed8725a96b0aa3acbd0ec17588e6a2c3b62a93eb513ed8783f/msgpack-1.1.2.tar.gz", hash = "sha256:3b60763c1373dd60f398488069bcdc703cd08a711477b5d480eecc9f9626f47e", size = 173581, upload-time = "2025-10-08T09:15:56.596Z" }
wheels = [
    { url = "https://files.pythonhosted.org/packages/ad/bd/8b0d01c756203fbab65d265859749860682ccd2a59594609aeec3a144efa/msgpack-1.1.2-cp312-cp312-macosx_10_13_x86_64.whl", hash = "sha256:70a0dff9d1f8da25179ffcf880e10cf1aad55fdb63cd59c9a49a1b82290062aa", size = 81939, upload-time = "2025-10-08T09:15:01.472Z" },
    { url = "https://files.pythonhosted.org/packages/34/68/ba4f155f793a74c1483d4bdef136e1023f7bcba557f0db4ef3db3c665cf1/msgpack-1.1.2-cp312-cp312-macosx_11_0_arm64.whl", hash = "sha256:446abdd8b94b55c800ac34b102dffd2f6aa0ce643c55dfc017ad89347db3dbdb", size = 85064, upload-time = "2025-10-08T09:15:03.764Z" },
    { url = "https://files.pythonhosted.org/packages/f2/60/a064b0345fc36c4c3d2c743c82d9100c40388d77f0b48b2f04d6041dbec1/msgpack-1.1.2-cp312-cp312-manylinux2014_aarch64.manylinux_2_17_aarch64.manylinux_2_28_aarch64.whl", hash = "sha256:c63eea553c69ab05b6747901b97d620bb2a690633c77f23feb0c6a947a8a7b8f", size = 417131, upload-time = "2025-10-08T09:15:05.136Z" },
    { url = "https://files.pythonhosted.org/packages/65/92/a5100f7185a800a5d29f8d14041f61475b9de465ffcc0f3b9fba606e4505/msgpack-1.1.2-cp312-cp312-manylinux2014_x86_64.manylinux_2_17_x86_64.manylinux_2_28_x86_64.whl", hash = "sha256:372839311ccf6bdaf39b00b61288e0557916c3729529b301c52c2d88842add42", size = 427556, upload-time = "2025-10-08T09:15:06.837Z" },
    { url = "https://files.pythonhosted.org/packages/f5/87/ffe21d1bf7d9991354ad93949286f643b2bb6ddbeab66373922b44c3b8cc/msgpack-1.1.2-cp312-cp312-musllinux_1_2_aarch64.whl", hash = "sha256:2929af52106ca73fcb28576218476ffbb531a036c2adbcf54a3664de124303e9", size = 404920, upload-time = "2025-10-08T09:15:08.179Z" },
    { url = "https://files.pythonhosted.org/packages/ff/41/8543ed2b8604f7c0d89ce066f42007faac1eaa7d79a81555f206a5cdb889/msgpack-1.1.2-cp312-cp312-musllinux_1_2_x86_64.whl", hash = "sha256:be52a8fc79e45b0364210eef5234a7cf8d330836d0a64dfbb878efa903d84620", size = 415013, upload-time = "2025-10-08T09:15:09.83Z" },
    { url = "https://files.pythonhosted.org/packages/41/0d/2ddfaa8b7e1cee6c490d46cb0a39742b19e2481600a7a0e96537e9c22f43/msgpack-1.1.2-cp312-cp312-win32.whl", hash = "sha256:1fff3d825d7859ac888b0fbda39a42d59193543920eda9d9bea44d958a878029", size = 65096, upload-time = "2025-10-08T09:15:11.11Z" },
    { url = "https://files.pythonhosted.org/packages/8c/ec/d431eb7941fb55a31dd6ca3404d41fbb52d99172df2e7707754488390910/msgpack-1.1.2-cp312-cp312-win_amd64.whl", hash = "sha256:1de460f0403172cff81169a30b9a92b260cb809c4cb7e2fc79ae8d0510c78b6b", size = 72708, upload-time = "2025-10-08T09:15:12.554Z" },
    { url = "https://files.pythonhosted.org/packages/c5/31/5b1a1f70eb0e87d1678e9624908f86317787b536060641d6798e3cf70ace/msgpack-1.1.2-cp312-cp312-win_arm64.whl", hash = "sha256:be5980f3ee0e6bd44f3a9e9dea01054f175b50c3e6cdb692bc9424c0bbb8bf69", size = 64119, upload-time = "2025-10-08T09:15:13.589Z" },
]

[[package]]
name = "my-addon"
source = { editable = "." }

[package.dev-dependencies]
dev = [
    { name = "debugpy" },
    { name = "fake-bpy-module-latest" },
    { name = "hatchling" },
    { name = "pynvim" },
]

[package.metadata]

[package.metadata.requires-dev]
dev = [
    { name = "debugpy" },
    { name = "fake-bpy-module-latest" },
    { name = "hatchling" },
    { name = "pynvim" },
]

[[package]]
name = "packaging"
version = "25.0"
source = { registry = "https://pypi.org/simple" }
sdist = { url = "https://files.pythonhosted.org/packages/a1/d4/1fc4078c65507b51b96ca8f8c3ba19e6a61c8253c72794544580a7b6c24d/packaging-25.0.tar.gz", hash = "sha256:d443872c98d677bf60f6a1f2f8c1cb748e8fe762d2bf9d3148b5599295b0fc4f", size = 165727, upload-time = "2025-04-19T11:48:59.673Z" }
wheels = [
    { url = "https://files.pythonhosted.org/packages/20/12/38679034af332785aac8774540895e234f4d07f7545804097de4b666afd8/packaging-25.0-py3-none-any.whl", hash = "sha256:29572ef2b1f17581046b3a2227d5c611fb25ec70ca1ba8554b24b0e69331a484", size = 66469, upload-time = "2025-04-19T11:48:57.875Z" },
]

[[package]]
name = "pathspec"
version = "0.12.1"
source = { registry = "https://pypi.org/simple" }
sdist = { url = "https://files.pythonhosted.org/packages/ca/bc/f35b8446f4531a7cb215605d100cd88b7ac6f44ab3fc94870c120ab3adbf/pathspec-0.12.1.tar.gz", hash = "sha256:a482d51503a1ab33b1c67a6c3813a26953dbdc71c31dacaef9a838c4e29f5712", size = 51043, upload-time = "2023-12-10T22:30:45Z" }
wheels = [
    { url = "https://files.pythonhosted.org/packages/cc/20/ff623b09d963f88bfde16306a54e12ee5ea43e9b597108672ff3a408aad6/pathspec-0.12.1-py3-none-any.whl", hash = "sha256:a0d503e138a4c123b27490a4f7beda6a01c6f288df0e4a8b79c7eb0dc7b4cc08", size = 31191, upload-time = "2023-12-10T22:30:43.14Z" },
]

[[package]]
name = "pluggy"
version = "1.6.0"
source = { registry = "https://pypi.org/simple" }
sdist = { url = "https://files.pythonhosted.org/packages/f9/e2/3e91f31a7d2b083fe6ef3fa267035b518369d9511ffab804f839851d2779/pluggy-1.6.0.tar.gz", hash = "sha256:7dcc130b76258d33b90f61b658791dede3486c3e6bfb003ee5c9bfb396dd22f3", size = 69412, upload-time = "2025-05-15T12:30:07.975Z" }
wheels = [
    { url = "https://files.pythonhosted.org/packages/54/20/4d324d65cc6d9205fabedc306948156824eb9f0ee1633355a8f7ec5c66bf/pluggy-1.6.0-py3-none-any.whl", hash = "sha256:e920276dd6813095e9377c0bc5566d94c932c33b27a3e3945d8389c374dd4746", size = 20538, upload-time = "2025-05-15T12:30:06.134Z" },
]

[[package]]
name = "pynvim"
version = "0.6.0"
source = { registry = "https://pypi.org/simple" }
dependencies = [
    { name = "greenlet", marker = "platform_python_implementation != 'PyPy'" },
    { name = "msgpack" },
]
sdist = { url = "https://files.pythonhosted.org/packages/04/d7/c4412e6219661fd8689cdd9553988f8ea38c151067d70c49436977688aa9/pynvim-0.6.0.tar.gz", hash = "sha256:0ffcb879322d08f9e9061e1123dd58ba3a5ccfbd4999bb1157bac525822aa590", size = 51478, upload-time = "2025-09-07T18:35:37.601Z" }
wheels = [
    { url = "https://files.pythonhosted.org/packages/54/2d/c28b9293975ed9ee05e52f1d316cb402ba6edb232baa0497754a70182ca2/pynvim-0.6.0-py3-none-any.whl", hash = "sha256:29f92ff3fde9e52c263e6bfd7f30345be05bfc7b5c21484da1cc38a8d8e5e98f", size = 47633, upload-time = "2025-09-07T18:35:36.348Z" },
]

[[package]]
name = "trove-classifiers"
version = "2025.12.1.14"
source = { registry = "https://pypi.org/simple" }
sdist = { url = "https://files.pythonhosted.org/packages/80/e1/000add3b3e0725ce7ee0ea6ea4543f1e1d9519742f3b2320de41eeefa7c7/trove_classifiers-2025.12.1.14.tar.gz", hash = "sha256:a74f0400524fc83620a9be74a07074b5cbe7594fd4d97fd4c2bfde625fdc1633", size = 16985, upload-time = "2025-12-01T14:47:11.456Z" }
wheels = [
    { url = "https://files.pythonhosted.org/packages/4f/7e/bc19996fa86cad8801e8ffe6f1bba5836ca0160df76d0410d27432193712/trove_classifiers-2025.12.1.14-py3-none-any.whl", hash = "sha256:a8206978ede95937b9959c3aff3eb258bbf7b07dff391ddd4ea7e61f316635ab", size = 14184, upload-time = "2025-12-01T14:47:10.113Z" },
]
